
Microsoft Visual Studio Solution File, Format Version 11.00
# Visual Studio 2010
Project("{FAE04EC0-301F-11D3-BF4B-00C04F79EFBC}") = "Reservations", "Reservations\Reservations.csproj", "{FEE99986-C896-4FE6-B54C-7BBFE44B157A}"
EndProject
Global
	GlobalSection(SolutionConfigurationPlatforms) = preSolution
		Debug|Any CPU = Debug|Any CPU
		Release|Any CPU = Release|Any CPU
	EndGlobalSection
	GlobalSection(ProjectConfigurationPlatforms) = postSolution
		{FEE99986-C896-4FE6-B54C-7BBFE44B157A}.Debug|Any CPU.ActiveCfg = Debug|Any CPU
		{FEE99986-C896-4FE6-B54C-7BBFE44B157A}.Debug|Any CPU.Build.0 = Debug|Any CPU
		{FEE99986-C896-4FE6-B54C-7BBFE44B157A}.Release|Any CPU.ActiveCfg = Release|Any CPU
		{FEE99986-C896-4FE6-B54C-7BBFE44B157A}.Release|Any CPU.Build.0 = Release|Any CPU
	EndGlobalSection
	GlobalSection(SolutionProperties) = preSolution
		HideSolutionNode = FALSE
	EndGlobalSection
EndGlobal
